
Microsoft Visual Studio Solution File, Format Version 12.00
# Visual Studio Version 17
VisualStudioVersion = 17.4.33213.308
MinimumVisualStudioVersion = 10.0.40219.1
Project("{FAE04EC0-301F-11D3-BF4B-00C04F79EFBC}") = "my-api", "my-api.csproj", "{988BE8BA-E66F-4242-9091-C29E81BEFA09}"
EndProject
Global
	GlobalSection(SolutionConfigurationPlatforms) = preSolution
		Debug|Any CPU = Debug|Any CPU
		Release|Any CPU = Release|Any CPU
	EndGlobalSection
	GlobalSection(ProjectConfigurationPlatforms) = postSolution
		{988BE8BA-E66F-4242-9091-C29E81BEFA09}.Debug|Any CPU.ActiveCfg = Debug|Any CPU
		{988BE8BA-E66F-4242-9091-C29E81BEFA09}.Debug|Any CPU.Build.0 = Debug|Any CPU
		{988BE8BA-E66F-4242-9091-C29E81BEFA09}.Release|Any CPU.ActiveCfg = Release|Any CPU
		{988BE8BA-E66F-4242-9091-C29E81BEFA09}.Release|Any CPU.Build.0 = Release|Any CPU
	EndGlobalSection
	GlobalSection(SolutionProperties) = preSolution
		HideSolutionNode = FALSE
	EndGlobalSection
	GlobalSection(ExtensibilityGlobals) = postSolution
		SolutionGuid = {D7BF2170-22BC-4657-A3A8-EC1B68424498}
	EndGlobalSection
EndGlobal
